
Microsoft Visual Studio Solution File, Format Version 12.00
# Visual Studio 15
VisualStudioVersion = 15.0.27428.2027
MinimumVisualStudioVersion = 10.0.40219.1
Project("{8BC9CEB8-8B4A-11D0-8D11-00A0C91BC942}") = "programming_prac", "programming_prac\programming_prac.vcxproj", "{83BF4888-C371-4664-B3BE-356F6E12F5AB}"
EndProject
Global
	GlobalSection(SolutionConfigurationPlatforms) = preSolution
		Debug|x64 = Debug|x64
		Debug|x86 = Debug|x86
		Release|x64 = Release|x64
		Release|x86 = Release|x86
	EndGlobalSection
	GlobalSection(ProjectConfigurationPlatforms) = postSolution
		{83BF4888-C371-4664-B3BE-356F6E12F5AB}.Debug|x64.ActiveCfg = Debug|x64
		{83BF4888-C371-4664-B3BE-356F6E12F5AB}.Debug|x64.Build.0 = Debug|x64
		{83BF4888-C371-4664-B3BE-356F6E12F5AB}.Debug|x86.ActiveCfg = Debug|Win32
		{83BF4888-C371-4664-B3BE-356F6E12F5AB}.Debug|x86.Build.0 = Debug|Win32
		{83BF4888-C371-4664-B3BE-356F6E12F5AB}.Release|x64.ActiveCfg = Release|x64
		{83BF4888-C371-4664-B3BE-356F6E12F5AB}.Release|x64.Build.0 = Release|x64
		{83BF4888-C371-4664-B3BE-356F6E12F5AB}.Release|x86.ActiveCfg = Release|Win32
		{83BF4888-C371-4664-B3BE-356F6E12F5AB}.Release|x86.Build.0 = Release|Win32
	EndGlobalSection
	GlobalSection(SolutionProperties) = preSolution
		HideSolutionNode = FALSE
	EndGlobalSection
	GlobalSection(ExtensibilityGlobals) = postSolution
		SolutionGuid = {764472E1-59D8-46DB-B86D-8C5D5FC484AD}
	EndGlobalSection
EndGlobal
