
Microsoft Visual Studio Solution File, Format Version 12.00
# Visual Studio 15
VisualStudioVersion = 15.0.27428.2027
MinimumVisualStudioVersion = 10.0.40219.1
Project("{8BC9CEB8-8B4A-11D0-8D11-00A0C91BC942}") = "odd_even_justif", "odd_even_justif\odd_even_justif.vcxproj", "{13DD52A0-D46D-4B9D-A39D-39D7EA1B5D74}"
EndProject
Global
	GlobalSection(SolutionConfigurationPlatforms) = preSolution
		Debug|x64 = Debug|x64
		Debug|x86 = Debug|x86
		Release|x64 = Release|x64
		Release|x86 = Release|x86
	EndGlobalSection
	GlobalSection(ProjectConfigurationPlatforms) = postSolution
		{13DD52A0-D46D-4B9D-A39D-39D7EA1B5D74}.Debug|x64.ActiveCfg = Debug|x64
		{13DD52A0-D46D-4B9D-A39D-39D7EA1B5D74}.Debug|x64.Build.0 = Debug|x64
		{13DD52A0-D46D-4B9D-A39D-39D7EA1B5D74}.Debug|x86.ActiveCfg = Debug|Win32
		{13DD52A0-D46D-4B9D-A39D-39D7EA1B5D74}.Debug|x86.Build.0 = Debug|Win32
		{13DD52A0-D46D-4B9D-A39D-39D7EA1B5D74}.Release|x64.ActiveCfg = Release|x64
		{13DD52A0-D46D-4B9D-A39D-39D7EA1B5D74}.Release|x64.Build.0 = Release|x64
		{13DD52A0-D46D-4B9D-A39D-39D7EA1B5D74}.Release|x86.ActiveCfg = Release|Win32
		{13DD52A0-D46D-4B9D-A39D-39D7EA1B5D74}.Release|x86.Build.0 = Release|Win32
	EndGlobalSection
	GlobalSection(SolutionProperties) = preSolution
		HideSolutionNode = FALSE
	EndGlobalSection
	GlobalSection(ExtensibilityGlobals) = postSolution
		SolutionGuid = {815134C3-68E9-4B6E-AC3B-61E790D12A57}
	EndGlobalSection
EndGlobal
